# This file is automatically @generated by Poetry 1.4.0 and should not be changed by hand.

[[package]]
name = "john"
version = "0.1.3"
description = "Jeneral Outlying Helper Nuggetoids"
category = "dev"
optional = false
python-versions = ">=3.8,<4.0"
files = [
    {file = "john-0.1.3-py3-none-any.whl", hash = "sha256:ebb0a8186bb1dde1da8ee2a56b730df826a238ce2849d19d574fe9890ddc6e4c"},
    {file = "john-0.1.3.tar.gz", hash = "sha256:bd31d0b08a98456dad03d1fd46bd28d7844cd50829630279c79a69233d390964"},
]

[metadata]
lock-version = "2.0"
python-versions = "^3.8"
content-hash = "538584dcc1bea3cf1d24fdf6686a78190b9467cf38d6257e3e11a2f470a4e8b5"
